// !$*UTF8*$!
{ archiveVersion = 1; classes = {}; objectVersion = 56; objects = {
331551C4907177C76394B33E = { isa = PBXFileReference; lastKnownFileType = sourcecode.swift; path = "apps/ios/Reva/Core/LocalRepository.swift"; sourceTree = SOURCE_ROOT; };
473DD041AB33485CABC4F88A = { isa = PBXBuildFile; fileRef = 331551C4907177C76394B33E; };
3457D8FA2043CEB06E30A759 = { isa = PBXFileReference; lastKnownFileType = sourcecode.swift; path = "apps/ios/Reva/Core/Models.swift"; sourceTree = SOURCE_ROOT; };
266B94A0290F0A90D60CA4AD = { isa = PBXBuildFile; fileRef = 3457D8FA2043CEB06E30A759; };
399690F32B3721A73CA9C195 = { isa = PBXFileReference; lastKnownFileType = sourcecode.swift; path = "apps/ios/Reva/Core/ProviderClient.swift"; sourceTree = SOURCE_ROOT; };
EC9EB9E3B0113F0F4DFFB28B = { isa = PBXBuildFile; fileRef = 399690F32B3721A73CA9C195; };
58D877A8524A5CAB12D8064B = { isa = PBXFileReference; lastKnownFileType = sourcecode.swift; path = "apps/ios/Reva/Core/ReportEngine.swift"; sourceTree = SOURCE_ROOT; };
9BDA1B79BAE3FDA4E6777BAB = { isa = PBXBuildFile; fileRef = 58D877A8524A5CAB12D8064B; };
497C808A1ADE07271B992B20 = { isa = PBXFileReference; lastKnownFileType = sourcecode.swift; path = "apps/ios/Reva/Core/ServerClient.swift"; sourceTree = SOURCE_ROOT; };
15CAEABF9DDD45988FC1A864 = { isa = PBXBuildFile; fileRef = 497C808A1ADE07271B992B20; };
AD39509526112A555239A16B = { isa = PBXFileReference; lastKnownFileType = sourcecode.swift; path = "apps/ios/Reva/Core/SymptomEntry.swift"; sourceTree = SOURCE_ROOT; };
7EBEEB8308DC1A04225D65DD = { isa = PBXBuildFile; fileRef = AD39509526112A555239A16B; };
B6829FC78051BC467F362FD1 = { isa = PBXFileReference; lastKnownFileType = sourcecode.swift; path = "apps/ios/Reva/Device/AudioServices.swift"; sourceTree = SOURCE_ROOT; };
D76BC85C0B35474B6EFD5A66 = { isa = PBXBuildFile; fileRef = B6829FC78051BC467F362FD1; };
0B96D257EAADB90D0E76F6C7 = { isa = PBXFileReference; lastKnownFileType = sourcecode.swift; path = "apps/ios/Reva/Device/DocumentImportService.swift"; sourceTree = SOURCE_ROOT; };
EE106EB41E5881E95378B42E = { isa = PBXBuildFile; fileRef = 0B96D257EAADB90D0E76F6C7; };
CC608B395D4ECDC3AC06BA75 = { isa = PBXFileReference; lastKnownFileType = sourcecode.swift; path = "apps/ios/Reva/Device/DocumentScanner.swift"; sourceTree = SOURCE_ROOT; };
07F02C82332D212F8CBEAD69 = { isa = PBXBuildFile; fileRef = CC608B395D4ECDC3AC06BA75; };
D50E3E113FA5D522171F74B8 = { isa = PBXFileReference; lastKnownFileType = sourcecode.swift; path = "apps/ios/Reva/Device/ReportPDFRenderer.swift"; sourceTree = SOURCE_ROOT; };
845A43B8AEE7F9E3ADB2BAE1 = { isa = PBXBuildFile; fileRef = D50E3E113FA5D522171F74B8; };
69F9AC8C45481F57033A3740 = { isa = PBXFileReference; lastKnownFileType = sourcecode.swift; path = "apps/ios/Reva/Features/Preparation/VisitsView.swift"; sourceTree = SOURCE_ROOT; };
DF41B888B94DE7C81CF57DED = { isa = PBXBuildFile; fileRef = 69F9AC8C45481F57033A3740; };
DD4C62483DD117B661EB7501 = { isa = PBXFileReference; lastKnownFileType = sourcecode.swift; path = "apps/ios/Reva/Features/Profile/MedicalProfileView.swift"; sourceTree = SOURCE_ROOT; };
937312E2D47FF6E4E2F35E9B = { isa = PBXBuildFile; fileRef = DD4C62483DD117B661EB7501; };
F2CB69C672B7FDFA405FA025 = { isa = PBXFileReference; lastKnownFileType = sourcecode.swift; path = "apps/ios/Reva/Features/Records/RecordsView.swift"; sourceTree = SOURCE_ROOT; };
E58AE816B4670C3AD3CA1B3B = { isa = PBXBuildFile; fileRef = F2CB69C672B7FDFA405FA025; };
8BD9075FF555B76918CAB9E8 = { isa = PBXFileReference; lastKnownFileType = sourcecode.swift; path = "apps/ios/Reva/Features/Records/SymptomEntryView.swift"; sourceTree = SOURCE_ROOT; };
9644A9064B1CD00A321D8784 = { isa = PBXBuildFile; fileRef = 8BD9075FF555B76918CAB9E8; };
27CB273A927CE4FF31D6A28B = { isa = PBXFileReference; lastKnownFileType = sourcecode.swift; path = "apps/ios/Reva/Features/Shared/SettingsView.swift"; sourceTree = SOURCE_ROOT; };
277456237311FDE027B34AF8 = { isa = PBXBuildFile; fileRef = 27CB273A927CE4FF31D6A28B; };
CC1E9766127936A9EC1AA452 = { isa = PBXFileReference; lastKnownFileType = sourcecode.swift; path = "apps/ios/Reva/Features/Shared/SummaryView.swift"; sourceTree = SOURCE_ROOT; };
D0B0F72A7355B4BCAC16A7CD = { isa = PBXBuildFile; fileRef = CC1E9766127936A9EC1AA452; };
2EEB8C3A671BA5898A983740 = { isa = PBXFileReference; lastKnownFileType = sourcecode.swift; path = "apps/ios/Reva/Features/Shared/Theme.swift"; sourceTree = SOURCE_ROOT; };
DD774D72C5D132754036372E = { isa = PBXBuildFile; fileRef = 2EEB8C3A671BA5898A983740; };
D515D1113A016CF24C9D0661 = { isa = PBXFileReference; lastKnownFileType = sourcecode.swift; path = "apps/ios/Reva/Features/Visits/BookingViews.swift"; sourceTree = SOURCE_ROOT; };
8E3546450DF92DA8C8088FEF = { isa = PBXBuildFile; fileRef = D515D1113A016CF24C9D0661; };
2B31F0601347F0B90096454B = { isa = PBXFileReference; lastKnownFileType = sourcecode.swift; path = "apps/ios/Reva/Features/Visits/LiveBookingViews.swift"; sourceTree = SOURCE_ROOT; };
BCBF7F6E03CB5F6F680F9F1F = { isa = PBXBuildFile; fileRef = 2B31F0601347F0B90096454B; };
5052352EF06977BE5FE14C60 = { isa = PBXFileReference; lastKnownFileType = sourcecode.swift; path = "apps/ios/Reva/Features/Visits/RecordingViews.swift"; sourceTree = SOURCE_ROOT; };
4CD71168CC65A5A89B5501AD = { isa = PBXBuildFile; fileRef = 5052352EF06977BE5FE14C60; };
382CA0C51CC824EF4AC57FCE = { isa = PBXFileReference; lastKnownFileType = file; path = "apps/ios/Reva/Resources/expected-evidence.json"; sourceTree = SOURCE_ROOT; };
365384A3D80B89826B7E45DC = { isa = PBXBuildFile; fileRef = 382CA0C51CC824EF4AC57FCE; };
0BD274620DE920F13BAEFA08 = { isa = PBXFileReference; lastKnownFileType = file; path = "apps/ios/Reva/Resources/fixture-manifest.json"; sourceTree = SOURCE_ROOT; };
7EE86BC8B078763FBCF7005F = { isa = PBXBuildFile; fileRef = 0BD274620DE920F13BAEFA08; };
16B8F4DB64943AFF6EB78610 = { isa = PBXFileReference; lastKnownFileType = file; path = "apps/ios/Reva/Resources/reva-synthetic-asthma-context.txt"; sourceTree = SOURCE_ROOT; };
52D3B90A08044A7D771CB106 = { isa = PBXBuildFile; fileRef = 16B8F4DB64943AFF6EB78610; };
9CFCEFC0D7A60C8EED37BA1C = { isa = PBXFileReference; lastKnownFileType = file; path = "apps/ios/Reva/Resources/reva-synthetic-fibula-injury-2026.pdf"; sourceTree = SOURCE_ROOT; };
EC28E6B42479DD9E600C0ACF = { isa = PBXBuildFile; fileRef = 9CFCEFC0D7A60C8EED37BA1C; };
23BBADC7BAABF2392090EF29 = { isa = PBXFileReference; lastKnownFileType = file; path = "apps/ios/Reva/Resources/reva-synthetic-health-history.pdf"; sourceTree = SOURCE_ROOT; };
A1B06CC2DF8BFE807A8E6801 = { isa = PBXBuildFile; fileRef = 23BBADC7BAABF2392090EF29; };
2C15C0C32195A02B922BB02B = { isa = PBXFileReference; lastKnownFileType = file; path = "apps/ios/Reva/Resources/reva-synthetic-import-preparation-note.txt"; sourceTree = SOURCE_ROOT; };
AB0EB1D19DE6E2CE23990F44 = { isa = PBXBuildFile; fileRef = 2C15C0C32195A02B922BB02B; };
2A569055E2CA2C33FEAC8A9C = { isa = PBXFileReference; lastKnownFileType = file; path = "apps/ios/Reva/Resources/reva-synthetic-laboratory-results.pdf"; sourceTree = SOURCE_ROOT; };
03CB57E1902FE86D7F302CD6 = { isa = PBXBuildFile; fileRef = 2A569055E2CA2C33FEAC8A9C; };
C2956CDFF31032E48E345AB9 = { isa = PBXFileReference; lastKnownFileType = file; path = "apps/ios/Reva/Resources/reva-synthetic-leg-imaging.pdf"; sourceTree = SOURCE_ROOT; };
73D5CC584A85C9752EEF4835 = { isa = PBXBuildFile; fileRef = C2956CDFF31032E48E345AB9; };
DEA907FAF5E251EA85F9F10C = { isa = PBXFileReference; lastKnownFileType = file; path = "apps/ios/Reva/Resources/reva-synthetic-resolved-ear-infection.pdf"; sourceTree = SOURCE_ROOT; };
B9612C9C82F63BD5A2018452 = { isa = PBXBuildFile; fileRef = DEA907FAF5E251EA85F9F10C; };
6290B4572E10EA96675AC521 = { isa = PBXFileReference; lastKnownFileType = file; path = "apps/ios/Reva/Resources/reva-synthetic-resting-ecg-note.pdf"; sourceTree = SOURCE_ROOT; };
4949C7F3195B0BB69902F96C = { isa = PBXBuildFile; fileRef = 6290B4572E10EA96675AC521; };
24564F025569D5168F7B01BA = { isa = PBXFileReference; lastKnownFileType = file; path = "apps/ios/Reva/Resources/reva-synthetic-symptom-diary-image-only.pdf"; sourceTree = SOURCE_ROOT; };
5876708AF25708F9E72D6DF0 = { isa = PBXBuildFile; fileRef = 24564F025569D5168F7B01BA; };
56EE6573A4D504DFD1CCDCEF = { isa = PBXFileReference; lastKnownFileType = file; path = "apps/ios/Reva/Resources/reva-synthetic-symptom-diary-scan.png"; sourceTree = SOURCE_ROOT; };
48FF75208830ED76006F4026 = { isa = PBXBuildFile; fileRef = 56EE6573A4D504DFD1CCDCEF; };
E501E47E6E0971DF8A82B4D7 = { isa = PBXFileReference; lastKnownFileType = file; path = "apps/ios/Reva/Resources/reva-synthetic-tibia-procedure-2019.pdf"; sourceTree = SOURCE_ROOT; };
E943A314DB6F7027BD3DA771 = { isa = PBXBuildFile; fileRef = E501E47E6E0971DF8A82B4D7; };
C4E421459EC7911627EA3EB8 = { isa = PBXFileReference; lastKnownFileType = file; path = "apps/ios/Reva/Resources/sample-transcript.json"; sourceTree = SOURCE_ROOT; };
DC95738DBC56BD51E6586C49 = { isa = PBXBuildFile; fileRef = C4E421459EC7911627EA3EB8; };
2F94ECE0C1B2A07A29FF0B9D = { isa = PBXFileReference; lastKnownFileType = file; path = "apps/ios/Reva/Resources/seed.json"; sourceTree = SOURCE_ROOT; };
F1B42663D598488BE778EF81 = { isa = PBXBuildFile; fileRef = 2F94ECE0C1B2A07A29FF0B9D; };
9E7F18BCF1F7E22AE32E552D = { isa = PBXFileReference; lastKnownFileType = sourcecode.swift; path = "apps/ios/Reva/RevaApp.swift"; sourceTree = SOURCE_ROOT; };
D5FE29B6E9451D8615DE5460 = { isa = PBXBuildFile; fileRef = 9E7F18BCF1F7E22AE32E552D; };
0176030E2AF4AC542E3EFE4D = { isa = PBXFileReference; lastKnownFileType = sourcecode.swift; path = "apps/ios/Reva/State/AppStore+Bookings.swift"; sourceTree = SOURCE_ROOT; };
FC86BC29363CE88AA81DC311 = { isa = PBXBuildFile; fileRef = 0176030E2AF4AC542E3EFE4D; };
08B0BC9188F5521E51431CD8 = { isa = PBXFileReference; lastKnownFileType = sourcecode.swift; path = "apps/ios/Reva/State/AppStore+Profile.swift"; sourceTree = SOURCE_ROOT; };
72828F6E0C7EA3E412148E74 = { isa = PBXBuildFile; fileRef = 08B0BC9188F5521E51431CD8; };
BB73FBB87C96B9528B8310B4 = { isa = PBXFileReference; lastKnownFileType = sourcecode.swift; path = "apps/ios/Reva/State/AppStore+Providers.swift"; sourceTree = SOURCE_ROOT; };
A04D7AD8492FE331034E099F = { isa = PBXBuildFile; fileRef = BB73FBB87C96B9528B8310B4; };
B8BAD31366F6601C0D69A4EC = { isa = PBXFileReference; lastKnownFileType = sourcecode.swift; path = "apps/ios/Reva/State/AppStore+Recordings.swift"; sourceTree = SOURCE_ROOT; };
9DA60ADCF99CDDB63552685D = { isa = PBXBuildFile; fileRef = B8BAD31366F6601C0D69A4EC; };
B364BF93B4A8D9371364A939 = { isa = PBXFileReference; lastKnownFileType = sourcecode.swift; path = "apps/ios/Reva/State/AppStore+Records.swift"; sourceTree = SOURCE_ROOT; };
5EBE2D7CBFDF1B34729EF462 = { isa = PBXBuildFile; fileRef = B364BF93B4A8D9371364A939; };
2FBCC6D42984ADFE76A644FB = { isa = PBXFileReference; lastKnownFileType = sourcecode.swift; path = "apps/ios/Reva/State/AppStore+Symptoms.swift"; sourceTree = SOURCE_ROOT; };
793D43633A9FEDC10291AF4B = { isa = PBXBuildFile; fileRef = 2FBCC6D42984ADFE76A644FB; };
3737873440E88BDB49E59996 = { isa = PBXFileReference; lastKnownFileType = sourcecode.swift; path = "apps/ios/Reva/State/AppStore+Sync.swift"; sourceTree = SOURCE_ROOT; };
104A856589EDDDB622348CEA = { isa = PBXBuildFile; fileRef = 3737873440E88BDB49E59996; };
908D5B235A24D63120609BDE = { isa = PBXFileReference; lastKnownFileType = sourcecode.swift; path = "apps/ios/Reva/State/AppStore+Visits.swift"; sourceTree = SOURCE_ROOT; };
BC3944AAB4029E78BEA978D0 = { isa = PBXBuildFile; fileRef = 908D5B235A24D63120609BDE; };
4BD7CEC39B90BB9A800DAC22 = { isa = PBXFileReference; lastKnownFileType = sourcecode.swift; path = "apps/ios/Reva/State/AppStore.swift"; sourceTree = SOURCE_ROOT; };
7C0BF9B457CFE2E762C07DB8 = { isa = PBXBuildFile; fileRef = 4BD7CEC39B90BB9A800DAC22; };
38A007151ABE87CC01A5B6E9 = { isa = PBXFileReference; explicitFileType = wrapper.application; path = Reva.app; sourceTree = BUILT_PRODUCTS_DIR; };
64292B1C2B2E13EAD8788FC8 = { isa = PBXGroup; children = (331551C4907177C76394B33E, 3457D8FA2043CEB06E30A759, 399690F32B3721A73CA9C195, 58D877A8524A5CAB12D8064B, 497C808A1ADE07271B992B20, AD39509526112A555239A16B, B6829FC78051BC467F362FD1, 0B96D257EAADB90D0E76F6C7, CC608B395D4ECDC3AC06BA75, D50E3E113FA5D522171F74B8, 69F9AC8C45481F57033A3740, DD4C62483DD117B661EB7501, F2CB69C672B7FDFA405FA025, 8BD9075FF555B76918CAB9E8, 27CB273A927CE4FF31D6A28B, CC1E9766127936A9EC1AA452, 2EEB8C3A671BA5898A983740, D515D1113A016CF24C9D0661, 2B31F0601347F0B90096454B, 5052352EF06977BE5FE14C60, 9E7F18BCF1F7E22AE32E552D, 0176030E2AF4AC542E3EFE4D, 08B0BC9188F5521E51431CD8, BB73FBB87C96B9528B8310B4, B8BAD31366F6601C0D69A4EC, B364BF93B4A8D9371364A939, 2FBCC6D42984ADFE76A644FB, 3737873440E88BDB49E59996, 908D5B235A24D63120609BDE, 4BD7CEC39B90BB9A800DAC22, 382CA0C51CC824EF4AC57FCE, 0BD274620DE920F13BAEFA08, 16B8F4DB64943AFF6EB78610, 9CFCEFC0D7A60C8EED37BA1C, 23BBADC7BAABF2392090EF29, 2C15C0C32195A02B922BB02B, 2A569055E2CA2C33FEAC8A9C, C2956CDFF31032E48E345AB9, DEA907FAF5E251EA85F9F10C, 6290B4572E10EA96675AC521, 24564F025569D5168F7B01BA, 56EE6573A4D504DFD1CCDCEF, E501E47E6E0971DF8A82B4D7, C4E421459EC7911627EA3EB8, 2F94ECE0C1B2A07A29FF0B9D, FBDC4F23F93125BBEEAE800C, ); sourceTree = "<group>"; };
FBDC4F23F93125BBEEAE800C = { isa = PBXGroup; children = (38A007151ABE87CC01A5B6E9, ); name = Products; sourceTree = "<group>"; };
BCE16DD0260827ECF338C787 = { isa = PBXSourcesBuildPhase; buildActionMask = 2147483647; files = (473DD041AB33485CABC4F88A, 266B94A0290F0A90D60CA4AD, EC9EB9E3B0113F0F4DFFB28B, 9BDA1B79BAE3FDA4E6777BAB, 15CAEABF9DDD45988FC1A864, 7EBEEB8308DC1A04225D65DD, D76BC85C0B35474B6EFD5A66, EE106EB41E5881E95378B42E, 07F02C82332D212F8CBEAD69, 845A43B8AEE7F9E3ADB2BAE1, DF41B888B94DE7C81CF57DED, 937312E2D47FF6E4E2F35E9B, E58AE816B4670C3AD3CA1B3B, 9644A9064B1CD00A321D8784, 277456237311FDE027B34AF8, D0B0F72A7355B4BCAC16A7CD, DD774D72C5D132754036372E, 8E3546450DF92DA8C8088FEF, BCBF7F6E03CB5F6F680F9F1F, 4CD71168CC65A5A89B5501AD, D5FE29B6E9451D8615DE5460, FC86BC29363CE88AA81DC311, 72828F6E0C7EA3E412148E74, A04D7AD8492FE331034E099F, 9DA60ADCF99CDDB63552685D, 5EBE2D7CBFDF1B34729EF462, 793D43633A9FEDC10291AF4B, 104A856589EDDDB622348CEA, BC3944AAB4029E78BEA978D0, 7C0BF9B457CFE2E762C07DB8, ); runOnlyForDeploymentPostprocessing = 0; };
0189424A5A60FED329FA868E = { isa = PBXResourcesBuildPhase; buildActionMask = 2147483647; files = (365384A3D80B89826B7E45DC, 7EE86BC8B078763FBCF7005F, 52D3B90A08044A7D771CB106, EC28E6B42479DD9E600C0ACF, A1B06CC2DF8BFE807A8E6801, AB0EB1D19DE6E2CE23990F44, 03CB57E1902FE86D7F302CD6, 73D5CC584A85C9752EEF4835, B9612C9C82F63BD5A2018452, 4949C7F3195B0BB69902F96C, 5876708AF25708F9E72D6DF0, 48FF75208830ED76006F4026, E943A314DB6F7027BD3DA771, DC95738DBC56BD51E6586C49, F1B42663D598488BE778EF81, ); runOnlyForDeploymentPostprocessing = 0; };
7561BFB015D8F536760CB671 = { isa = PBXFrameworksBuildPhase; buildActionMask = 2147483647; files = (); runOnlyForDeploymentPostprocessing = 0; };
A5A76368A6E498576C4EEF98 = { isa = XCBuildConfiguration; buildSettings = {PRODUCT_BUNDLE_IDENTIFIER = "health.revamed.Reva";PRODUCT_NAME = "Reva";SWIFT_VERSION = "5.0";IPHONEOS_DEPLOYMENT_TARGET = "18.0";SDKROOT = "iphoneos";SUPPORTED_PLATFORMS = "iphoneos iphonesimulator";TARGETED_DEVICE_FAMILY = "1";INFOPLIST_FILE = "apps/ios/Reva/Info.plist";CODE_SIGN_STYLE = "Automatic";SWIFT_OPTIMIZATION_LEVEL = "-Onone";DEBUG_INFORMATION_FORMAT = "dwarf";ENABLE_USER_SCRIPT_SANDBOXING = "YES";ASSETCATALOG_COMPILER_APPICON_NAME = "";CURRENT_PROJECT_VERSION = "1";MARKETING_VERSION = "0.1.0";GENERATE_INFOPLIST_FILE = "NO";ALWAYS_SEARCH_USER_PATHS = "NO";}; name = Debug; };
A5BD66D3C03A0FAF1A0386D5 = { isa = XCBuildConfiguration; buildSettings = {PRODUCT_BUNDLE_IDENTIFIER = "health.revamed.Reva";PRODUCT_NAME = "Reva";SWIFT_VERSION = "5.0";IPHONEOS_DEPLOYMENT_TARGET = "18.0";SDKROOT = "iphoneos";SUPPORTED_PLATFORMS = "iphoneos iphonesimulator";TARGETED_DEVICE_FAMILY = "1";INFOPLIST_FILE = "apps/ios/Reva/Info.plist";CODE_SIGN_STYLE = "Automatic";SWIFT_OPTIMIZATION_LEVEL = "-O";DEBUG_INFORMATION_FORMAT = "dwarf";ENABLE_USER_SCRIPT_SANDBOXING = "YES";ASSETCATALOG_COMPILER_APPICON_NAME = "";CURRENT_PROJECT_VERSION = "1";MARKETING_VERSION = "0.1.0";GENERATE_INFOPLIST_FILE = "NO";ALWAYS_SEARCH_USER_PATHS = "NO";}; name = Release; };
D3AFF16135CE7066D577B464 = { isa = XCConfigurationList; buildConfigurations = (A5A76368A6E498576C4EEF98, A5BD66D3C03A0FAF1A0386D5, ); defaultConfigurationIsVisible = 0; defaultConfigurationName = Debug; };
0E8A3AD980EC179856012B7E = { isa = PBXNativeTarget; buildConfigurationList = D3AFF16135CE7066D577B464; buildPhases = (BCE16DD0260827ECF338C787, 7561BFB015D8F536760CB671, 0189424A5A60FED329FA868E, ); buildRules = (); dependencies = (); name = Reva; productName = Reva; productReference = 38A007151ABE87CC01A5B6E9; productType = "com.apple.product-type.application"; };
98F54143AB4E86B28C3AFEE0 = { isa = PBXProject; attributes = { LastUpgradeCheck = 2640; }; buildConfigurationList = D3AFF16135CE7066D577B464; compatibilityVersion = "Xcode 14.0"; developmentRegion = en; hasScannedForEncodings = 0; knownRegions = (en, Base, ); mainGroup = 64292B1C2B2E13EAD8788FC8; productRefGroup = FBDC4F23F93125BBEEAE800C; projectDirPath = ""; projectRoot = ""; targets = (0E8A3AD980EC179856012B7E, ); };
}; rootObject = 98F54143AB4E86B28C3AFEE0; }
